
Microsoft Visual Studio Solution File, Format Version 12.00
# Visual Studio Version 17
VisualStudioVersion = 17.7.34024.191
MinimumVisualStudioVersion = 10.0.40219.1
Project("{FAE04EC0-301F-11D3-BF4B-00C04F79EFBC}") = "Tourism_db", "Tourism_db\Tourism_db.csproj", "{24F9CBF6-F120-4557-9405-B343A3013E15}"
EndProject
Global
	GlobalSection(SolutionConfigurationPlatforms) = preSolution
		Debug|Any CPU = Debug|Any CPU
		Release|Any CPU = Release|Any CPU
	EndGlobalSection
	GlobalSection(ProjectConfigurationPlatforms) = postSolution
		{24F9CBF6-F120-4557-9405-B343A3013E15}.Debug|Any CPU.ActiveCfg = Debug|Any CPU
		{24F9CBF6-F120-4557-9405-B343A3013E15}.Debug|Any CPU.Build.0 = Debug|Any CPU
		{24F9CBF6-F120-4557-9405-B343A3013E15}.Release|Any CPU.ActiveCfg = Release|Any CPU
		{24F9CBF6-F120-4557-9405-B343A3013E15}.Release|Any CPU.Build.0 = Release|Any CPU
	EndGlobalSection
	GlobalSection(SolutionProperties) = preSolution
		HideSolutionNode = FALSE
	EndGlobalSection
	GlobalSection(ExtensibilityGlobals) = postSolution
		SolutionGuid = {E5247AA5-8262-4E97-9976-7CE1A338C13D}
	EndGlobalSection
EndGlobal
